// !$*UTF8*$!
{
	archiveVersion = 1;
	classes = {
	};
	objectVersion = 46;
	objects = {

/* Begin PBXBuildFile section */
		0223A18C1CF7393400E78F95 /* main.m in Sources */ = {isa = PBXBuildFile; fileRef = 0223A18B1CF7393400E78F95 /* main.m */; };
		0223A18F1CF7393400E78F95 /* AppDelegate.m in Sources */ = {isa = PBXBuildFile; fileRef = 0223A18E1CF7393400E78F95 /* AppDelegate.m */; };
		0223A1921CF7393400E78F95 /* ViewController.m in Sources */ = {isa = PBXBuildFile; fileRef = 0223A1911CF7393400E78F95 /* ViewController.m */; };
		0223A1951CF7393400E78F95 /* Main.storyboard in Resources */ = {isa = PBXBuildFile; fileRef = 0223A1931CF7393400E78F95 /* Main.storyboard */; };
		0223A1971CF7393400E78F95 /* Images.xcassets in Resources */ = {isa = PBXBuildFile; fileRef = 0223A1961CF7393400E78F95 /* Images.xcassets */; };
		0223A19A1CF7393400E78F95 /* LaunchScreen.xib in Resources */ = {isa = PBXBuildFile; fileRef = 0223A1981CF7393400E78F95 /* LaunchScreen.xib */; };
		0223A1A61CF7393400E78F95 /* iOS___HTMLTests.m in Sources */ = {isa = PBXBuildFile; fileRef = 0223A1A51CF7393400E78F95 /* iOS___HTMLTests.m */; };
		0223A1BB1CF73AE100E78F95 /* index.html in Resources */ = {isa = PBXBuildFile; fileRef = 0223A1BA1CF73AE100E78F95 /* index.html */; };
		0223A1BD1CF7437A00E78F95 /* img_01.jpg in Resources */ = {isa = PBXBuildFile; fileRef = 0223A1BC1CF7437A00E78F95 /* img_01.jpg */; };
/* End PBXBuildFile section */

/* Begin PBXContainerItemProxy section */
		0223A1A01CF7393400E78F95 /* PBXContainerItemProxy */ = {
			isa = PBXContainerItemProxy;
			containerPortal = 0223A17E1CF7393400E78F95 /* Project object */;
			proxyType = 1;
			remoteGlobalIDString = 0223A1851CF7393400E78F95;
			remoteInfo = "iOS中调用HTML";
		};
/* End PBXContainerItemProxy section */

/* Begin PBXFileReference section */
		0223A1861CF7393400E78F95 /* iOS中调用HTML.app */ = {isa = PBXFileReference; explicitFileType = wrapper.application; includeInIndex = 0; path = "iOS中调用HTML.app"; sourceTree = BUILT_PRODUCTS_DIR; };
		0223A18A1CF7393400E78F95 /* Info.plist */ = {isa = PBXFileReference; lastKnownFileType = text.plist.xml; path = Info.plist; sourceTree = "<group>"; };
		0223A18B1CF7393400E78F95 /* main.m */ = {isa = PBXFileReference; lastKnownFileType = sourcecode.c.objc; path = main.m; sourceTree = "<group>"; };
		0223A18D1CF7393400E78F95 /* AppDelegate.h */ = {isa = PBXFileReference; lastKnownFileType = sourcecode.c.h; path = AppDelegate.h; sourceTree = "<group>"; };
		0223A18E1CF7393400E78F95 /* AppDelegate.m */ = {isa = PBXFileReference; lastKnownFileType = sourcecode.c.objc; path = AppDelegate.m; sourceTree = "<group>"; };
		0223A1901CF7393400E78F95 /* ViewController.h */ = {isa = PBXFileReference; lastKnownFileType = sourcecode.c.h; path = ViewController.h; sourceTree = "<group>"; };
		0223A1911CF7393400E78F95 /* ViewController.m */ = {isa = PBXFileReference; lastKnownFileType = sourcecode.c.objc; path = ViewController.m; sourceTree = "<group>"; };
		0223A1941CF7393400E78F95 /* Base */ = {isa = PBXFileReference; lastKnownFileType = file.storyboard; name = Base; path = Base.lproj/Main.storyboard; sourceTree = "<group>"; };
		0223A1961CF7393400E78F95 /* Images.xcassets */ = {isa = PBXFileReference; lastKnownFileType = folder.assetcatalog; path = Images.xcassets; sourceTree = "<group>"; };
		0223A1991CF7393400E78F95 /* Base */ = {isa = PBXFileReference; lastKnownFileType = file.xib; name = Base; path = Base.lproj/LaunchScreen.xib; sourceTree = "<group>"; };
		0223A19F1CF7393400E78F95 /* iOS中调用HTMLTests.xctest */ = {isa = PBXFileReference; explicitFileType = wrapper.cfbundle; includeInIndex = 0; path = "iOS中调用HTMLTests.xctest"; sourceTree = BUILT_PRODUCTS_DIR; };
		0223A1A41CF7393400E78F95 /* Info.plist */ = {isa = PBXFileReference; lastKnownFileType = text.plist.xml; path = Info.plist; sourceTree = "<group>"; };
		0223A1A51CF7393400E78F95 /* iOS___HTMLTests.m */ = {isa = PBXFileReference; lastKnownFileType = sourcecode.c.objc; path = "iOS___HTMLTests.m"; sourceTree = "<group>"; };
		0223A1BA1CF73AE100E78F95 /* index.html */ = {isa = PBXFileReference; fileEncoding = 4; lastKnownFileType = text.html; path = index.html; sourceTree = "<group>"; };
		0223A1BC1CF7437A00E78F95 /* img_01.jpg */ = {isa = PBXFileReference; lastKnownFileType = image.jpeg; path = img_01.jpg; sourceTree = "<group>"; };
/* End PBXFileReference section */

/* Begin PBXFrameworksBuildPhase section */
		0223A1831CF7393400E78F95 /* Frameworks */ = {
			isa = PBXFrameworksBuildPhase;
			buildActionMask = 2147483647;
			files = (
			);
			runOnlyForDeploymentPostprocessing = 0;
		};
		0223A19C1CF7393400E78F95 /* Frameworks */ = {
			isa = PBXFrameworksBuildPhase;
			buildActionMask = 2147483647;
			files = (
			);
			runOnlyForDeploymentPostprocessing = 0;
		};
/* End PBXFrameworksBuildPhase section */

/* Begin PBXGroup section */
		0223A17D1CF7393400E78F95 = {
			isa = PBXGroup;
			children = (
				0223A1B91CF73AE100E78F95 /* web */,
				0223A1881CF7393400E78F95 /* iOS中调用HTML */,
				0223A1A21CF7393400E78F95 /* iOS中调用HTMLTests */,
				0223A1871CF7393400E78F95 /* Products */,
			);
			sourceTree = "<group>";
		};
		0223A1871CF7393400E78F95 /* Products */ = {
			isa = PBXGroup;
			children = (
				0223A1861CF7393400E78F95 /* iOS中调用HTML.app */,
				0223A19F1CF7393400E78F95 /* iOS中调用HTMLTests.xctest */,
			);
			name = Products;
			sourceTree = "<group>";
		};
		0223A1881CF7393400E78F95 /* iOS中调用HTML */ = {
			isa = PBXGroup;
			children = (
				0223A18D1CF7393400E78F95 /* AppDelegate.h */,
				0223A18E1CF7393400E78F95 /* AppDelegate.m */,
				0223A1901CF7393400E78F95 /* ViewController.h */,
				0223A1911CF7393400E78F95 /* ViewController.m */,
				0223A1931CF7393400E78F95 /* Main.storyboard */,
				0223A1961CF7393400E78F95 /* Images.xcassets */,
				0223A1981CF7393400E78F95 /* LaunchScreen.xib */,
				0223A1891CF7393400E78F95 /* Supporting Files */,
			);
			path = "iOS中调用HTML";
			sourceTree = "<group>";
		};
		0223A1891CF7393400E78F95 /* Supporting Files */ = {
			isa = PBXGroup;
			children = (
				0223A18A1CF7393400E78F95 /* Info.plist */,
				0223A18B1CF7393400E78F95 /* main.m */,
			);
			name = "Supporting Files";
			sourceTree = "<group>";
		};
		0223A1A21CF7393400E78F95 /* iOS中调用HTMLTests */ = {
			isa = PBXGroup;
			children = (
				0223A1A51CF7393400E78F95 /* iOS___HTMLTests.m */,
				0223A1A31CF7393400E78F95 /* Supporting Files */,
			);
			path = "iOS中调用HTMLTests";
			sourceTree = "<group>";
		};
		0223A1A31CF7393400E78F95 /* Supporting Files */ = {
			isa = PBXGroup;
			children = (
				0223A1A41CF7393400E78F95 /* Info.plist */,
			);
			name = "Supporting Files";
			sourceTree = "<group>";
		};
		0223A1B91CF73AE100E78F95 /* web */ = {
			isa = PBXGroup;
			children = (
				0223A1BC1CF7437A00E78F95 /* img_01.jpg */,
				0223A1BA1CF73AE100E78F95 /* index.html */,
			);
			name = web;
			path = "iOS中调用HTML/web";
			sourceTree = "<group>";
		};
/* End PBXGroup section */

/* Begin PBXNativeTarget section */
		0223A1851CF7393400E78F95 /* iOS中调用HTML */ = {
			isa = PBXNativeTarget;
			buildConfigurationList = 0223A1A91CF7393400E78F95 /* Build configuration list for PBXNativeTarget "iOS中调用HTML" */;
			buildPhases = (
				0223A1821CF7393400E78F95 /* Sources */,
				0223A1831CF7393400E78F95 /* Frameworks */,
				0223A1841CF7393400E78F95 /* Resources */,
			);
			buildRules = (
			);
			dependencies = (
			);
			name = "iOS中调用HTML";
			productName = "iOS中调用HTML";
			productReference = 0223A1861CF7393400E78F95 /* iOS中调用HTML.app */;
			productType = "com.apple.product-type.application";
		};
		0223A19E1CF7393400E78F95 /* iOS中调用HTMLTests */ = {
			isa = PBXNativeTarget;
			buildConfigurationList = 0223A1AC1CF7393400E78F95 /* Build configuration list for PBXNativeTarget "iOS中调用HTMLTests" */;
			buildPhases = (
				0223A19B1CF7393400E78F95 /* Sources */,
				0223A19C1CF7393400E78F95 /* Frameworks */,
				0223A19D1CF7393400E78F95 /* Resources */,
			);
			buildRules = (
			);
			dependencies = (
				0223A1A11CF7393400E78F95 /* PBXTargetDependency */,
			);
			name = "iOS中调用HTMLTests";
			productName = "iOS中调用HTMLTests";
			productReference = 0223A19F1CF7393400E78F95 /* iOS中调用HTMLTests.xctest */;
			productType = "com.apple.product-type.bundle.unit-test";
		};
/* End PBXNativeTarget section */

/* Begin PBXProject section */
		0223A17E1CF7393400E78F95 /* Project object */ = {
			isa = PBXProject;
			attributes = {
				LastUpgradeCheck = 0640;
				ORGANIZATIONNAME = LH;
				TargetAttributes = {
					0223A1851CF7393400E78F95 = {
						CreatedOnToolsVersion = 6.4;
					};
					0223A19E1CF7393400E78F95 = {
						CreatedOnToolsVersion = 6.4;
						TestTargetID = 0223A1851CF7393400E78F95;
					};
				};
			};
			buildConfigurationList = 0223A1811CF7393400E78F95 /* Build configuration list for PBXProject "iOS中调用HTML" */;
			compatibilityVersion = "Xcode 3.2";
			developmentRegion = English;
			hasScannedForEncodings = 0;
			knownRegions = (
				en,
				Base,
			);
			mainGroup = 0223A17D1CF7393400E78F95;
			productRefGroup = 0223A1871CF7393400E78F95 /* Products */;
			projectDirPath = "";
			projectRoot = "";
			targets = (
				0223A1851CF7393400E78F95 /* iOS中调用HTML */,
				0223A19E1CF7393400E78F95 /* iOS中调用HTMLTests */,
			);
		};
/* End PBXProject section */

/* Begin PBXResourcesBuildPhase section */
		0223A1841CF7393400E78F95 /* Resources */ = {
			isa = PBXResourcesBuildPhase;
			buildActionMask = 2147483647;
			files = (
				0223A1BB1CF73AE100E78F95 /* index.html in Resources */,
				0223A1BD1CF7437A00E78F95 /* img_01.jpg in Resources */,
				0223A1951CF7393400E78F95 /* Main.storyboard in Resources */,
				0223A19A1CF7393400E78F95 /* LaunchScreen.xib in Resources */,
				0223A1971CF7393400E78F95 /* Images.xcassets in Resources */,
			);
			runOnlyForDeploymentPostprocessing = 0;
		};
		0223A19D1CF7393400E78F95 /* Resources */ = {
			isa = PBXResourcesBuildPhase;
			buildActionMask = 2147483647;
			files = (
			);
			runOnlyForDeploymentPostprocessing = 0;
		};
/* End PBXResourcesBuildPhase section */

/* Begin PBXSourcesBuildPhase section */
		0223A1821CF7393400E78F95 /* Sources */ = {
			isa = PBXSourcesBuildPhase;
			buildActionMask = 2147483647;
			files = (
				0223A1921CF7393400E78F95 /* ViewController.m in Sources */,
				0223A18F1CF7393400E78F95 /* AppDelegate.m in Sources */,
				0223A18C1CF7393400E78F95 /* main.m in Sources */,
			);
			runOnlyForDeploymentPostprocessing = 0;
		};
		0223A19B1CF7393400E78F95 /* Sources */ = {
			isa = PBXSourcesBuildPhase;
			buildActionMask = 2147483647;
			files = (
				0223A1A61CF7393400E78F95 /* iOS___HTMLTests.m in Sources */,
			);
			runOnlyForDeploymentPostprocessing = 0;
		};
/* End PBXSourcesBuildPhase section */

/* Begin PBXTargetDependency section */
		0223A1A11CF7393400E78F95 /* PBXTargetDependency */ = {
			isa = PBXTargetDependency;
			target = 0223A1851CF7393400E78F95 /* iOS中调用HTML */;
			targetProxy = 0223A1A01CF7393400E78F95 /* PBXContainerItemProxy */;
		};
/* End PBXTargetDependency section */

/* Begin PBXVariantGroup section */
		0223A1931CF7393400E78F95 /* Main.storyboard */ = {
			isa = PBXVariantGroup;
			children = (
				0223A1941CF7393400E78F95 /* Base */,
			);
			name = Main.storyboard;
			sourceTree = "<group>";
		};
		0223A1981CF7393400E78F95 /* LaunchScreen.xib */ = {
			isa = PBXVariantGroup;
			children = (
				0223A1991CF7393400E78F95 /* Base */,
			);
			name = LaunchScreen.xib;
			sourceTree = "<group>";
		};
/* End PBXVariantGroup section */

/* Begin XCBuildConfiguration section */
		0223A1A71CF7393400E78F95 /* Debug */ = {
			isa = XCBuildConfiguration;
			buildSettings = {
				ALWAYS_SEARCH_USER_PATHS = NO;
				CLANG_CXX_LANGUAGE_STANDARD = "gnu++0x";
				CLANG_CXX_LIBRARY = "libc++";
				CLANG_ENABLE_MODULES = YES;
				CLANG_ENABLE_OBJC_ARC = YES;
				CLANG_WARN_BOOL_CONVERSION = YES;
				CLANG_WARN_CONSTANT_CONVERSION = YES;
				CLANG_WARN_DIRECT_OBJC_ISA_USAGE = YES_ERROR;
				CLANG_WARN_EMPTY_BODY = YES;
				CLANG_WARN_ENUM_CONVERSION = YES;
				CLANG_WARN_INT_CONVERSION = YES;
				CLANG_WARN_OBJC_ROOT_CLASS = YES_ERROR;
				CLANG_WARN_UNREACHABLE_CODE = YES;
				CLANG_WARN__DUPLICATE_METHOD_MATCH = YES;
				"CODE_SIGN_IDENTITY[sdk=iphoneos*]" = "iPhone Developer";
				COPY_PHASE_STRIP = NO;
				DEBUG_INFORMATION_FORMAT = "dwarf-with-dsym";
				ENABLE_STRICT_OBJC_MSGSEND = YES;
				GCC_C_LANGUAGE_STANDARD = gnu99;
				GCC_DYNAMIC_NO_PIC = NO;
				GCC_NO_COMMON_BLOCKS = YES;
				GCC_OPTIMIZATION_LEVEL = 0;
				GCC_PREPROCESSOR_DEFINITIONS = (
					"DEBUG=1",
					"$(inherited)",
				);
				GCC_SYMBOLS_PRIVATE_EXTERN = NO;
				GCC_WARN_64_TO_32_BIT_CONVERSION = YES;
				GCC_WARN_ABOUT_RETURN_TYPE = YES_ERROR;
				GCC_WARN_UNDECLARED_SELECTOR = YES;
				GCC_WARN_UNINITIALIZED_AUTOS = YES_AGGRESSIVE;
				GCC_WARN_UNUSED_FUNCTION = YES;
				GCC_WARN_UNUSED_VARIABLE = YES;
				IPHONEOS_DEPLOYMENT_TARGET = 8.4;
				MTL_ENABLE_DEBUG_INFO = YES;
				ONLY_ACTIVE_ARCH = YES;
				SDKROOT = iphoneos;
			};
			name = Debug;
		};
		0223A1A81CF7393400E78F95 /* Release */ = {
			isa = XCBuildConfiguration;
			buildSettings = {
				ALWAYS_SEARCH_USER_PATHS = NO;
				CLANG_CXX_LANGUAGE_STANDARD = "gnu++0x";
				CLANG_CXX_LIBRARY = "libc++";
				CLANG_ENABLE_MODULES = YES;
				CLANG_ENABLE_OBJC_ARC = YES;
				CLANG_WARN_BOOL_CONVERSION = YES;
				CLANG_WARN_CONSTANT_CONVERSION = YES;
				CLANG_WARN_DIRECT_OBJC_ISA_USAGE = YES_ERROR;
				CLANG_WARN_EMPTY_BODY = YES;
				CLANG_WARN_ENUM_CONVERSION = YES;
				CLANG_WARN_INT_CONVERSION = YES;
				CLANG_WARN_OBJC_ROOT_CLASS = YES_ERROR;
				CLANG_WARN_UNREACHABLE_CODE = YES;
				CLANG_WARN__DUPLICATE_METHOD_MATCH = YES;
				"CODE_SIGN_IDENTITY[sdk=iphoneos*]" = "iPhone Developer";
				COPY_PHASE_STRIP = NO;
				DEBUG_INFORMATION_FORMAT = "dwarf-with-dsym";
				ENABLE_NS_ASSERTIONS = NO;
				ENABLE_STRICT_OBJC_MSGSEND = YES;
				GCC_C_LANGUAGE_STANDARD = gnu99;
				GCC_NO_COMMON_BLOCKS = YES;
				GCC_WARN_64_TO_32_BIT_CONVERSION = YES;
				GCC_WARN_ABOUT_RETURN_TYPE = YES_ERROR;
				GCC_WARN_UNDECLARED_SELECTOR = YES;
				GCC_WARN_UNINITIALIZED_AUTOS = YES_AGGRESSIVE;
				GCC_WARN_UNUSED_FUNCTION = YES;
				GCC_WARN_UNUSED_VARIABLE = YES;
				IPHONEOS_DEPLOYMENT_TARGET = 8.4;
				MTL_ENABLE_DEBUG_INFO = NO;
				SDKROOT = iphoneos;
				VALIDATE_PRODUCT = YES;
			};
			name = Release;
		};
		0223A1AA1CF7393400E78F95 /* Debug */ = {
			isa = XCBuildConfiguration;
			buildSettings = {
				ASSETCATALOG_COMPILER_APPICON_NAME = AppIcon;
				INFOPLIST_FILE = "iOS中调用HTML/Info.plist";
				LD_RUNPATH_SEARCH_PATHS = "$(inherited) @executable_path/Frameworks";
				PRODUCT_NAME = "$(TARGET_NAME)";
			};
			name = Debug;
		};
		0223A1AB1CF7393400E78F95 /* Release */ = {
			isa = XCBuildConfiguration;
			buildSettings = {
				ASSETCATALOG_COMPILER_APPICON_NAME = AppIcon;
				INFOPLIST_FILE = "iOS中调用HTML/Info.plist";
				LD_RUNPATH_SEARCH_PATHS = "$(inherited) @executable_path/Frameworks";
				PRODUCT_NAME = "$(TARGET_NAME)";
			};
			name = Release;
		};
		0223A1AD1CF7393400E78F95 /* Debug */ = {
			isa = XCBuildConfiguration;
			buildSettings = {
				BUNDLE_LOADER = "$(TEST_HOST)";
				FRAMEWORK_SEARCH_PATHS = (
					"$(SDKROOT)/Developer/Library/Frameworks",
					"$(inherited)",
				);
				GCC_PREPROCESSOR_DEFINITIONS = (
					"DEBUG=1",
					"$(inherited)",
				);
				INFOPLIST_FILE = "iOS中调用HTMLTests/Info.plist";
				LD_RUNPATH_SEARCH_PATHS = "$(inherited) @executable_path/Frameworks @loader_path/Frameworks";
				PRODUCT_NAME = "$(TARGET_NAME)";
				TEST_HOST = "$(BUILT_PRODUCTS_DIR)/iOS中调用HTML.app/iOS中调用HTML";
			};
			name = Debug;
		};
		0223A1AE1CF7393400E78F95 /* Release */ = {
			isa = XCBuildConfiguration;
			buildSettings = {
				BUNDLE_LOADER = "$(TEST_HOST)";
				FRAMEWORK_SEARCH_PATHS = (
					"$(SDKROOT)/Developer/Library/Frameworks",
					"$(inherited)",
				);
				INFOPLIST_FILE = "iOS中调用HTMLTests/Info.plist";
				LD_RUNPATH_SEARCH_PATHS = "$(inherited) @executable_path/Frameworks @loader_path/Frameworks";
				PRODUCT_NAME = "$(TARGET_NAME)";
				TEST_HOST = "$(BUILT_PRODUCTS_DIR)/iOS中调用HTML.app/iOS中调用HTML";
			};
			name = Release;
		};
/* End XCBuildConfiguration section */

/* Begin XCConfigurationList section */
		0223A1811CF7393400E78F95 /* Build configuration list for PBXProject "iOS中调用HTML" */ = {
			isa = XCConfigurationList;
			buildConfigurations = (
				0223A1A71CF7393400E78F95 /* Debug */,
				0223A1A81CF7393400E78F95 /* Release */,
			);
			defaultConfigurationIsVisible = 0;
			defaultConfigurationName = Release;
		};
		0223A1A91CF7393400E78F95 /* Build configuration list for PBXNativeTarget "iOS中调用HTML" */ = {
			isa = XCConfigurationList;
			buildConfigurations = (
				0223A1AA1CF7393400E78F95 /* Debug */,
				0223A1AB1CF7393400E78F95 /* Release */,
			);
			defaultConfigurationIsVisible = 0;
		};
		0223A1AC1CF7393400E78F95 /* Build configuration list for PBXNativeTarget "iOS中调用HTMLTests" */ = {
			isa = XCConfigurationList;
			buildConfigurations = (
				0223A1AD1CF7393400E78F95 /* Debug */,
				0223A1AE1CF7393400E78F95 /* Release */,
			);
			defaultConfigurationIsVisible = 0;
		};
/* End XCConfigurationList section */
	};
	rootObject = 0223A17E1CF7393400E78F95 /* Project object */;
}
